
Microsoft Visual Studio Solution File, Format Version 12.00
# Visual Studio Version 17
VisualStudioVersion = 17.12.35527.113 d17.12
MinimumVisualStudioVersion = 10.0.40219.1
Project("{FAE04EC0-301F-11D3-BF4B-00C04F79EFBC}") = "Assignment10_2_", "Assignment10_2_.csproj", "{92878358-B4DC-4B17-A9B0-698BB290BB92}"
EndProject
Global
	GlobalSection(SolutionConfigurationPlatforms) = preSolution
		Debug|Any CPU = Debug|Any CPU
		Release|Any CPU = Release|Any CPU
	EndGlobalSection
	GlobalSection(ProjectConfigurationPlatforms) = postSolution
		{92878358-B4DC-4B17-A9B0-698BB290BB92}.Debug|Any CPU.ActiveCfg = Debug|Any CPU
		{92878358-B4DC-4B17-A9B0-698BB290BB92}.Debug|Any CPU.Build.0 = Debug|Any CPU
		{92878358-B4DC-4B17-A9B0-698BB290BB92}.Release|Any CPU.ActiveCfg = Release|Any CPU
		{92878358-B4DC-4B17-A9B0-698BB290BB92}.Release|Any CPU.Build.0 = Release|Any CPU
	EndGlobalSection
	GlobalSection(SolutionProperties) = preSolution
		HideSolutionNode = FALSE
	EndGlobalSection
EndGlobal
